
Microsoft Visual Studio Solution File, Format Version 12.00
# Visual Studio Version 17
VisualStudioVersion = 17.9.34728.123
MinimumVisualStudioVersion = 10.0.40219.1
Project("{9A19103F-16F7-4668-BE54-9A1E7A4F7556}") = "Bridge.Products.Api", "Bridge.Products.Api\Bridge.Products.Api.csproj", "{AFA94A84-68A5-44EE-8818-1DDBCF382198}"
EndProject
Project("{2150E333-8FDC-42A3-9474-1A3956D46DE8}") = "1. Api", "1. Api", "{23526E89-6BDC-4568-B465-CCE75E6364BC}"
EndProject
Project("{2150E333-8FDC-42A3-9474-1A3956D46DE8}") = "2. Application", "2. Application", "{17691656-0822-4DA2-8C81-45027D24B32E}"
EndProject
Project("{2150E333-8FDC-42A3-9474-1A3956D46DE8}") = "3. Domain", "3. Domain", "{9AAD17F1-A502-4050-ADAB-4885EDABB795}"
EndProject
Project("{2150E333-8FDC-42A3-9474-1A3956D46DE8}") = "4. Infra", "4. Infra", "{C7A93CDA-FA77-4E04-9603-B87CE494539F}"
EndProject
Project("{2150E333-8FDC-42A3-9474-1A3956D46DE8}") = "4.1 Data", "4.1 Data", "{8CC8F140-3EC9-43AA-B8FB-E2BD365D8EE5}"
EndProject
Project("{2150E333-8FDC-42A3-9474-1A3956D46DE8}") = "4.2 IoC", "4.2 IoC", "{5CD3E2B4-A8AC-456A-9383-1C0AFAB2CD17}"
EndProject
Project("{2150E333-8FDC-42A3-9474-1A3956D46DE8}") = "4.3 ExternalServices", "4.3 ExternalServices", "{D84418AC-08CE-4ACD-A5C6-6DEF2116BA23}"
EndProject
Project("{2150E333-8FDC-42A3-9474-1A3956D46DE8}") = "5. Tests", "5. Tests", "{6541CC84-E446-4FE8-8CA0-2DFCD615AEC3}"
EndProject
Project("{FAE04EC0-301F-11D3-BF4B-00C04F79EFBC}") = "Bridge.Products.Application", "Bridge.Products.Application\Bridge.Products.Application.csproj", "{10C36010-4920-402B-BEE4-429E16060A54}"
EndProject
Project("{FAE04EC0-301F-11D3-BF4B-00C04F79EFBC}") = "Bridge.Products.Domain", "Bridge.Products.Domain\Bridge.Products.Domain.csproj", "{EA897949-D0CC-4004-9371-0565006E1EC9}"
EndProject
Project("{FAE04EC0-301F-11D3-BF4B-00C04F79EFBC}") = "Bridge.Products.Infra.Data", "Bridge.Products.Infra.Data\Bridge.Products.Infra.Data.csproj", "{13A75F0B-5937-46ED-AD4B-3594D34DABE8}"
EndProject
Project("{FAE04EC0-301F-11D3-BF4B-00C04F79EFBC}") = "Bridge.Products.Infra.IoC", "Bridge.Products.Infra.IoC\Bridge.Products.Infra.IoC.csproj", "{C6D1AFAD-D5BA-4DF0-8EC0-0EBB43F11FC9}"
EndProject
Project("{FAE04EC0-301F-11D3-BF4B-00C04F79EFBC}") = "Bridge.Products.Infra.ExternalServices", "Bridge.Products.Infra.ExternalServices\Bridge.Products.Infra.ExternalServices.csproj", "{775572EE-0E6B-4014-A94C-081D38F25435}"
EndProject
Project("{FAE04EC0-301F-11D3-BF4B-00C04F79EFBC}") = "Bridge.Products.Tests", "Bridge.Products.Tests\Bridge.Products.Tests.csproj", "{BCE05A0C-E26D-4595-9557-A47FD9D9738B}"
EndProject
Global
	GlobalSection(SolutionConfigurationPlatforms) = preSolution
		Debug|Any CPU = Debug|Any CPU
		Release|Any CPU = Release|Any CPU
	EndGlobalSection
	GlobalSection(ProjectConfigurationPlatforms) = postSolution
		{AFA94A84-68A5-44EE-8818-1DDBCF382198}.Debug|Any CPU.ActiveCfg = Debug|Any CPU
		{AFA94A84-68A5-44EE-8818-1DDBCF382198}.Debug|Any CPU.Build.0 = Debug|Any CPU
		{AFA94A84-68A5-44EE-8818-1DDBCF382198}.Release|Any CPU.ActiveCfg = Release|Any CPU
		{AFA94A84-68A5-44EE-8818-1DDBCF382198}.Release|Any CPU.Build.0 = Release|Any CPU
		{10C36010-4920-402B-BEE4-429E16060A54}.Debug|Any CPU.ActiveCfg = Debug|Any CPU
		{10C36010-4920-402B-BEE4-429E16060A54}.Debug|Any CPU.Build.0 = Debug|Any CPU
		{10C36010-4920-402B-BEE4-429E16060A54}.Release|Any CPU.ActiveCfg = Release|Any CPU
		{10C36010-4920-402B-BEE4-429E16060A54}.Release|Any CPU.Build.0 = Release|Any CPU
		{EA897949-D0CC-4004-9371-0565006E1EC9}.Debug|Any CPU.ActiveCfg = Debug|Any CPU
		{EA897949-D0CC-4004-9371-0565006E1EC9}.Debug|Any CPU.Build.0 = Debug|Any CPU
		{EA897949-D0CC-4004-9371-0565006E1EC9}.Release|Any CPU.ActiveCfg = Release|Any CPU
		{EA897949-D0CC-4004-9371-0565006E1EC9}.Release|Any CPU.Build.0 = Release|Any CPU
		{13A75F0B-5937-46ED-AD4B-3594D34DABE8}.Debug|Any CPU.ActiveCfg = Debug|Any CPU
		{13A75F0B-5937-46ED-AD4B-3594D34DABE8}.Debug|Any CPU.Build.0 = Debug|Any CPU
		{13A75F0B-5937-46ED-AD4B-3594D34DABE8}.Release|Any CPU.ActiveCfg = Release|Any CPU
		{13A75F0B-5937-46ED-AD4B-3594D34DABE8}.Release|Any CPU.Build.0 = Release|Any CPU
		{C6D1AFAD-D5BA-4DF0-8EC0-0EBB43F11FC9}.Debug|Any CPU.ActiveCfg = Debug|Any CPU
		{C6D1AFAD-D5BA-4DF0-8EC0-0EBB43F11FC9}.Debug|Any CPU.Build.0 = Debug|Any CPU
		{C6D1AFAD-D5BA-4DF0-8EC0-0EBB43F11FC9}.Release|Any CPU.ActiveCfg = Release|Any CPU
		{C6D1AFAD-D5BA-4DF0-8EC0-0EBB43F11FC9}.Release|Any CPU.Build.0 = Release|Any CPU
		{775572EE-0E6B-4014-A94C-081D38F25435}.Debug|Any CPU.ActiveCfg = Debug|Any CPU
		{775572EE-0E6B-4014-A94C-081D38F25435}.Debug|Any CPU.Build.0 = Debug|Any CPU
		{775572EE-0E6B-4014-A94C-081D38F25435}.Release|Any CPU.ActiveCfg = Release|Any CPU
		{775572EE-0E6B-4014-A94C-081D38F25435}.Release|Any CPU.Build.0 = Release|Any CPU
		{BCE05A0C-E26D-4595-9557-A47FD9D9738B}.Debug|Any CPU.ActiveCfg = Debug|Any CPU
		{BCE05A0C-E26D-4595-9557-A47FD9D9738B}.Debug|Any CPU.Build.0 = Debug|Any CPU
		{BCE05A0C-E26D-4595-9557-A47FD9D9738B}.Release|Any CPU.ActiveCfg = Release|Any CPU
		{BCE05A0C-E26D-4595-9557-A47FD9D9738B}.Release|Any CPU.Build.0 = Release|Any CPU
	EndGlobalSection
	GlobalSection(SolutionProperties) = preSolution
		HideSolutionNode = FALSE
	EndGlobalSection
	GlobalSection(NestedProjects) = preSolution
		{AFA94A84-68A5-44EE-8818-1DDBCF382198} = {23526E89-6BDC-4568-B465-CCE75E6364BC}
		{8CC8F140-3EC9-43AA-B8FB-E2BD365D8EE5} = {C7A93CDA-FA77-4E04-9603-B87CE494539F}
		{5CD3E2B4-A8AC-456A-9383-1C0AFAB2CD17} = {C7A93CDA-FA77-4E04-9603-B87CE494539F}
		{D84418AC-08CE-4ACD-A5C6-6DEF2116BA23} = {C7A93CDA-FA77-4E04-9603-B87CE494539F}
		{10C36010-4920-402B-BEE4-429E16060A54} = {17691656-0822-4DA2-8C81-45027D24B32E}
		{EA897949-D0CC-4004-9371-0565006E1EC9} = {9AAD17F1-A502-4050-ADAB-4885EDABB795}
		{13A75F0B-5937-46ED-AD4B-3594D34DABE8} = {8CC8F140-3EC9-43AA-B8FB-E2BD365D8EE5}
		{C6D1AFAD-D5BA-4DF0-8EC0-0EBB43F11FC9} = {5CD3E2B4-A8AC-456A-9383-1C0AFAB2CD17}
		{775572EE-0E6B-4014-A94C-081D38F25435} = {D84418AC-08CE-4ACD-A5C6-6DEF2116BA23}
		{BCE05A0C-E26D-4595-9557-A47FD9D9738B} = {6541CC84-E446-4FE8-8CA0-2DFCD615AEC3}
	EndGlobalSection
	GlobalSection(ExtensibilityGlobals) = postSolution
		SolutionGuid = {A1478379-D9BD-4314-A324-D7BE7EE91D6C}
	EndGlobalSection
EndGlobal
